
Microsoft Visual Studio Solution File, Format Version 12.00
# Visual Studio Version 17
VisualStudioVersion = 17.0.31903.59
MinimumVisualStudioVersion = 10.0.40219.1
Project("{FAE04EC0-301F-11D3-BF4B-00C04F79EFBC}") = "WP(T)F_first", "WP(T)F_first\WP(T)F_first.csproj", "{D306FE13-8A4D-4CE9-95EE-1BBDA6B49F15}"
EndProject
Global
	GlobalSection(SolutionConfigurationPlatforms) = preSolution
		Debug|Any CPU = Debug|Any CPU
		Release|Any CPU = Release|Any CPU
	EndGlobalSection
	GlobalSection(ProjectConfigurationPlatforms) = postSolution
		{D306FE13-8A4D-4CE9-95EE-1BBDA6B49F15}.Debug|Any CPU.ActiveCfg = Debug|Any CPU
		{D306FE13-8A4D-4CE9-95EE-1BBDA6B49F15}.Debug|Any CPU.Build.0 = Debug|Any CPU
		{D306FE13-8A4D-4CE9-95EE-1BBDA6B49F15}.Release|Any CPU.ActiveCfg = Release|Any CPU
		{D306FE13-8A4D-4CE9-95EE-1BBDA6B49F15}.Release|Any CPU.Build.0 = Release|Any CPU
	EndGlobalSection
	GlobalSection(SolutionProperties) = preSolution
		HideSolutionNode = FALSE
	EndGlobalSection
	GlobalSection(ExtensibilityGlobals) = postSolution
		SolutionGuid = {1668477A-225E-4E83-9075-690F1046B62D}
	EndGlobalSection
EndGlobal
